
Microsoft Visual Studio Solution File, Format Version 12.00
# Visual Studio Version 16
VisualStudioVersion = 16.0.30225.117
MinimumVisualStudioVersion = 10.0.40219.1
Project("{FAE04EC0-301F-11D3-BF4B-00C04F79EFBC}") = "Jason's task", "Jason's task\Jason's task.csproj", "{28665737-2338-4AA5-9498-EEB382B81674}"
EndProject
Global
	GlobalSection(SolutionConfigurationPlatforms) = preSolution
		Debug|Any CPU = Debug|Any CPU
		Release|Any CPU = Release|Any CPU
	EndGlobalSection
	GlobalSection(ProjectConfigurationPlatforms) = postSolution
		{28665737-2338-4AA5-9498-EEB382B81674}.Debug|Any CPU.ActiveCfg = Debug|Any CPU
		{28665737-2338-4AA5-9498-EEB382B81674}.Debug|Any CPU.Build.0 = Debug|Any CPU
		{28665737-2338-4AA5-9498-EEB382B81674}.Release|Any CPU.ActiveCfg = Release|Any CPU
		{28665737-2338-4AA5-9498-EEB382B81674}.Release|Any CPU.Build.0 = Release|Any CPU
	EndGlobalSection
	GlobalSection(SolutionProperties) = preSolution
		HideSolutionNode = FALSE
	EndGlobalSection
	GlobalSection(ExtensibilityGlobals) = postSolution
		SolutionGuid = {F1638E2D-A601-46C5-BC42-1A15E5EE70E6}
	EndGlobalSection
EndGlobal
